
Microsoft Visual Studio Solution File, Format Version 12.00
# Visual Studio Version 16
VisualStudioVersion = 16.0.30907.101
MinimumVisualStudioVersion = 10.0.40219.1
Project("{9A19103F-16F7-4668-BE54-9A1E7A4F7556}") = "KampIntro", "KampIntro\KampIntro.csproj", "{32237492-D018-477D-B677-9AA66A6CAC21}"
EndProject
Project("{9A19103F-16F7-4668-BE54-9A1E7A4F7556}") = "Donguler", "Donguler\Donguler.csproj", "{165DF137-04B0-40D4-88F1-FDD31F01B7E4}"
EndProject
Project("{9A19103F-16F7-4668-BE54-9A1E7A4F7556}") = "ClassIntro", "ClassIntro\ClassIntro.csproj", "{31577215-1CCE-4AF1-999C-F134A885E0C2}"
EndProject
Project("{9A19103F-16F7-4668-BE54-9A1E7A4F7556}") = "Gun-2_Odev-6", "Gun-2_Odev-6\Gun-2_Odev-6.csproj", "{D6C871FA-B467-4F34-9544-68BEF32DBEC8}"
EndProject
Project("{9A19103F-16F7-4668-BE54-9A1E7A4F7556}") = "Metodlar", "Metodlar\Metodlar.csproj", "{93F3F682-ABE3-4525-BCAD-7A20DF7BB127}"
EndProject
Project("{9A19103F-16F7-4668-BE54-9A1E7A4F7556}") = "Matematik", "Matematik\Matematik.csproj", "{4D5D451C-FC9B-4FD6-AD10-CC7D3558233E}"
EndProject
Project("{9A19103F-16F7-4668-BE54-9A1E7A4F7556}") = "DegerVeReferansTipler", "DegerVeReferansTipler\DegerVeReferansTipler.csproj", "{48309E67-81B9-4C7B-9A49-5255A5E900DB}"
EndProject
Project("{9A19103F-16F7-4668-BE54-9A1E7A4F7556}") = "Gun-3_Odev-2", "Gun-3_Odev-2\Gun-3_Odev-2.csproj", "{263ED2D9-8A59-464C-ADEF-F0222FBA5D56}"
EndProject
Project("{9A19103F-16F7-4668-BE54-9A1E7A4F7556}") = "OOP1", "OOP1\OOP1.csproj", "{45DF93E4-9787-496C-8719-4B23B68D10E8}"
EndProject
Project("{9A19103F-16F7-4668-BE54-9A1E7A4F7556}") = "Collections", "Collections\Collections.csproj", "{9622C4D6-AE76-48F0-A774-D27F293EBE5F}"
EndProject
Project("{9A19103F-16F7-4668-BE54-9A1E7A4F7556}") = "GenericsIntro", "GenericsIntro\GenericsIntro.csproj", "{C7787975-8E1D-4739-8034-FAAD0C633B87}"
EndProject
Project("{FAE04EC0-301F-11D3-BF4B-00C04F79EFBC}") = "OOP2", "OOP2\OOP2.csproj", "{2832328F-6EB9-4035-A0E4-789E7CA24437}"
EndProject
Project("{FAE04EC0-301F-11D3-BF4B-00C04F79EFBC}") = "OOP3", "OOP3\OOP3.csproj", "{87B29116-FFBC-41E3-B849-51856EAB2BC9}"
EndProject
Global
	GlobalSection(SolutionConfigurationPlatforms) = preSolution
		Debug|Any CPU = Debug|Any CPU
		Release|Any CPU = Release|Any CPU
	EndGlobalSection
	GlobalSection(ProjectConfigurationPlatforms) = postSolution
		{32237492-D018-477D-B677-9AA66A6CAC21}.Debug|Any CPU.ActiveCfg = Debug|Any CPU
		{32237492-D018-477D-B677-9AA66A6CAC21}.Debug|Any CPU.Build.0 = Debug|Any CPU
		{32237492-D018-477D-B677-9AA66A6CAC21}.Release|Any CPU.ActiveCfg = Release|Any CPU
		{32237492-D018-477D-B677-9AA66A6CAC21}.Release|Any CPU.Build.0 = Release|Any CPU
		{165DF137-04B0-40D4-88F1-FDD31F01B7E4}.Debug|Any CPU.ActiveCfg = Debug|Any CPU
		{165DF137-04B0-40D4-88F1-FDD31F01B7E4}.Debug|Any CPU.Build.0 = Debug|Any CPU
		{165DF137-04B0-40D4-88F1-FDD31F01B7E4}.Release|Any CPU.ActiveCfg = Release|Any CPU
		{165DF137-04B0-40D4-88F1-FDD31F01B7E4}.Release|Any CPU.Build.0 = Release|Any CPU
		{31577215-1CCE-4AF1-999C-F134A885E0C2}.Debug|Any CPU.ActiveCfg = Debug|Any CPU
		{31577215-1CCE-4AF1-999C-F134A885E0C2}.Debug|Any CPU.Build.0 = Debug|Any CPU
		{31577215-1CCE-4AF1-999C-F134A885E0C2}.Release|Any CPU.ActiveCfg = Release|Any CPU
		{31577215-1CCE-4AF1-999C-F134A885E0C2}.Release|Any CPU.Build.0 = Release|Any CPU
		{D6C871FA-B467-4F34-9544-68BEF32DBEC8}.Debug|Any CPU.ActiveCfg = Debug|Any CPU
		{D6C871FA-B467-4F34-9544-68BEF32DBEC8}.Debug|Any CPU.Build.0 = Debug|Any CPU
		{D6C871FA-B467-4F34-9544-68BEF32DBEC8}.Release|Any CPU.ActiveCfg = Release|Any CPU
		{D6C871FA-B467-4F34-9544-68BEF32DBEC8}.Release|Any CPU.Build.0 = Release|Any CPU
		{93F3F682-ABE3-4525-BCAD-7A20DF7BB127}.Debug|Any CPU.ActiveCfg = Debug|Any CPU
		{93F3F682-ABE3-4525-BCAD-7A20DF7BB127}.Debug|Any CPU.Build.0 = Debug|Any CPU
		{93F3F682-ABE3-4525-BCAD-7A20DF7BB127}.Release|Any CPU.ActiveCfg = Release|Any CPU
		{93F3F682-ABE3-4525-BCAD-7A20DF7BB127}.Release|Any CPU.Build.0 = Release|Any CPU
		{4D5D451C-FC9B-4FD6-AD10-CC7D3558233E}.Debug|Any CPU.ActiveCfg = Debug|Any CPU
		{4D5D451C-FC9B-4FD6-AD10-CC7D3558233E}.Debug|Any CPU.Build.0 = Debug|Any CPU
		{4D5D451C-FC9B-4FD6-AD10-CC7D3558233E}.Release|Any CPU.ActiveCfg = Release|Any CPU
		{4D5D451C-FC9B-4FD6-AD10-CC7D3558233E}.Release|Any CPU.Build.0 = Release|Any CPU
		{48309E67-81B9-4C7B-9A49-5255A5E900DB}.Debug|Any CPU.ActiveCfg = Debug|Any CPU
		{48309E67-81B9-4C7B-9A49-5255A5E900DB}.Debug|Any CPU.Build.0 = Debug|Any CPU
		{48309E67-81B9-4C7B-9A49-5255A5E900DB}.Release|Any CPU.ActiveCfg = Release|Any CPU
		{48309E67-81B9-4C7B-9A49-5255A5E900DB}.Release|Any CPU.Build.0 = Release|Any CPU
		{263ED2D9-8A59-464C-ADEF-F0222FBA5D56}.Debug|Any CPU.ActiveCfg = Debug|Any CPU
		{263ED2D9-8A59-464C-ADEF-F0222FBA5D56}.Debug|Any CPU.Build.0 = Debug|Any CPU
		{263ED2D9-8A59-464C-ADEF-F0222FBA5D56}.Release|Any CPU.ActiveCfg = Release|Any CPU
		{263ED2D9-8A59-464C-ADEF-F0222FBA5D56}.Release|Any CPU.Build.0 = Release|Any CPU
		{45DF93E4-9787-496C-8719-4B23B68D10E8}.Debug|Any CPU.ActiveCfg = Debug|Any CPU
		{45DF93E4-9787-496C-8719-4B23B68D10E8}.Debug|Any CPU.Build.0 = Debug|Any CPU
		{45DF93E4-9787-496C-8719-4B23B68D10E8}.Release|Any CPU.ActiveCfg = Release|Any CPU
		{45DF93E4-9787-496C-8719-4B23B68D10E8}.Release|Any CPU.Build.0 = Release|Any CPU
		{9622C4D6-AE76-48F0-A774-D27F293EBE5F}.Debug|Any CPU.ActiveCfg = Debug|Any CPU
		{9622C4D6-AE76-48F0-A774-D27F293EBE5F}.Debug|Any CPU.Build.0 = Debug|Any CPU
		{9622C4D6-AE76-48F0-A774-D27F293EBE5F}.Release|Any CPU.ActiveCfg = Release|Any CPU
		{9622C4D6-AE76-48F0-A774-D27F293EBE5F}.Release|Any CPU.Build.0 = Release|Any CPU
		{C7787975-8E1D-4739-8034-FAAD0C633B87}.Debug|Any CPU.ActiveCfg = Debug|Any CPU
		{C7787975-8E1D-4739-8034-FAAD0C633B87}.Debug|Any CPU.Build.0 = Debug|Any CPU
		{C7787975-8E1D-4739-8034-FAAD0C633B87}.Release|Any CPU.ActiveCfg = Release|Any CPU
		{C7787975-8E1D-4739-8034-FAAD0C633B87}.Release|Any CPU.Build.0 = Release|Any CPU
		{2832328F-6EB9-4035-A0E4-789E7CA24437}.Debug|Any CPU.ActiveCfg = Debug|Any CPU
		{2832328F-6EB9-4035-A0E4-789E7CA24437}.Debug|Any CPU.Build.0 = Debug|Any CPU
		{2832328F-6EB9-4035-A0E4-789E7CA24437}.Release|Any CPU.ActiveCfg = Release|Any CPU
		{2832328F-6EB9-4035-A0E4-789E7CA24437}.Release|Any CPU.Build.0 = Release|Any CPU
		{87B29116-FFBC-41E3-B849-51856EAB2BC9}.Debug|Any CPU.ActiveCfg = Debug|Any CPU
		{87B29116-FFBC-41E3-B849-51856EAB2BC9}.Debug|Any CPU.Build.0 = Debug|Any CPU
		{87B29116-FFBC-41E3-B849-51856EAB2BC9}.Release|Any CPU.ActiveCfg = Release|Any CPU
		{87B29116-FFBC-41E3-B849-51856EAB2BC9}.Release|Any CPU.Build.0 = Release|Any CPU
	EndGlobalSection
	GlobalSection(SolutionProperties) = preSolution
		HideSolutionNode = FALSE
	EndGlobalSection
	GlobalSection(ExtensibilityGlobals) = postSolution
		SolutionGuid = {3EAF3DA7-6DD4-476A-B69B-E7EBB1FC2C7B}
	EndGlobalSection
EndGlobal
